Microsoft Visual Studio Solution File, Format Version 12.00
# Visual Studio Version 16
VisualStudioVersion = 16.0.32929.386
MinimumVisualStudioVersion = 10.0.40219.1
Project("{2150E333-8FDC-42A3-9474-1A3956D46DE8}") = "dnSpyFiles", "dnSpyFiles", "{BCDFE47C-A4D8-4F5C-BCED-4AEBDC711E34}"
	ProjectSection(SolutionItems) = preProject
		dnSpyFiles\dnSpy.c = dnSpyFiles\dnSpy.c
	EndProjectSection
EndProject
Project("{2150E333-8FDC-42A3-9474-1A3956D46DE8}") = "unity-2020.3.17-mbe", "unity-2020.3.17-mbe", "{4AAB8E1A-348D-4303-BDE7-52D8C02C750A}"
EndProject
Project("{8BC9CEB8-8B4A-11D0-8D11-00A0C91BC942}") = "build-init", "unity-2020.3.17-mbe\msvc\build-init.vcxproj", "{17B6934F-4ACE-4B84-A9B6-64F11D6E010A}"
EndProject
Project("{8BC9CEB8-8B4A-11D0-8D11-00A0C91BC942}") = "eglib", "unity-2020.3.17-mbe\msvc\eglib.vcxproj", "{3163BCD7-BFF0-45CF-9DDC-2AEDD5CAD984}"
EndProject
Project("{8BC9CEB8-8B4A-11D0-8D11-00A0C91BC942}") = "genmdesc", "unity-2020.3.17-mbe\msvc\genmdesc.vcxproj", "{C0B67D81-8EB8-4C07-A09B-A06C94A71D78}"
EndProject
Project("{8BC9CEB8-8B4A-11D0-8D11-00A0C91BC942}") = "libgcbdwgc", "unity-2020.3.17-mbe\msvc\libgcbdwgc.vcxproj", "{7D1A100C-0DD3-4A8D-B35A-0F2396D9C337}"
EndProject
Project("{8BC9CEB8-8B4A-11D0-8D11-00A0C91BC942}") = "libmono-dynamic", "unity-2020.3.17-mbe\msvc\libmono-dynamic.vcxproj", "{38995E1D-8B5B-4BD7-A14F-E97B3A59CA4C}"
EndProject
Project("{2150E333-8FDC-42A3-9474-1A3956D46DE8}") = "unity-2020.3.36-mbe", "unity-2020.3.36-mbe", "{66108B8B-8278-4878-8581-FF43E79F86DB}"
EndProject
Project("{8BC9CEB8-8B4A-11D0-8D11-00A0C91BC942}") = "build-init", "unity-2020.3.36-mbe\msvc\build-init.vcxproj", "{AE8C5033-DA57-45CD-9D04-697BBB560321}"
EndProject
Project("{8BC9CEB8-8B4A-11D0-8D11-00A0C91BC942}") = "eglib", "unity-2020.3.36-mbe\msvc\eglib.vcxproj", "{A6C01D9A-19B3-4417-AA63-593494BFC128}"
EndProject
Project("{8BC9CEB8-8B4A-11D0-8D11-00A0C91BC942}") = "genmdesc", "unity-2020.3.36-mbe\msvc\genmdesc.vcxproj", "{C3EB1DA0-FBB0-41AA-9BF9-809E268CADB3}"
EndProject
Project("{8BC9CEB8-8B4A-11D0-8D11-00A0C91BC942}") = "libgcbdwgc", "unity-2020.3.36-mbe\msvc\libgcbdwgc.vcxproj", "{7901AD8B-3C0A-4CE4-8296-12180A813082}"
EndProject
Project("{8BC9CEB8-8B4A-11D0-8D11-00A0C91BC942}") = "libmono-dynamic", "unity-2020.3.36-mbe\msvc\libmono-dynamic.vcxproj", "{9D968C84-F433-4C68-A46E-321CAD7086D1}"
EndProject
Project("{2150E333-8FDC-42A3-9474-1A3956D46DE8}") = "unity-2020.2.6-mbe", "unity-2020.2.6-mbe", "{021E6AF5-3A6D-4564-9AF0-CCF3636BF5F8}"
EndProject
Project("{8BC9CEB8-8B4A-11D0-8D11-00A0C91BC942}") = "build-init", "unity-2020.2.6-mbe\msvc\build-init.vcxproj", "{D6949C22-8A95-48CF-83AE-00F417D5019B}"
EndProject
Project("{8BC9CEB8-8B4A-11D0-8D11-00A0C91BC942}") = "eglib", "unity-2020.2.6-mbe\msvc\eglib.vcxproj", "{F6EBF864-42BF-4E25-B184-340A6CC1DC7B}"
EndProject
Project("{8BC9CEB8-8B4A-11D0-8D11-00A0C91BC942}") = "genmdesc", "unity-2020.2.6-mbe\msvc\genmdesc.vcxproj", "{27C7AB45-D720-4F11-B356-D11059138CB5}"
EndProject
Project("{8BC9CEB8-8B4A-11D0-8D11-00A0C91BC942}") = "libgcbdwgc", "unity-2020.2.6-mbe\msvc\libgcbdwgc.vcxproj", "{01DEDD65-36C6-4BCC-B5A0-5FF0EA760C2A}"
EndProject
Project("{8BC9CEB8-8B4A-11D0-8D11-00A0C91BC942}") = "libmono-dynamic", "unity-2020.2.6-mbe\msvc\libmono-dynamic.vcxproj", "{2E4A8DAD-5245-4D0B-BF63-74D0B111A0D3}"
EndProject
Global
	GlobalSection(SolutionConfigurationPlatforms) = preSolution
		Debug|x64 = Debug|x64
		Debug|x86 = Debug|x86
		Release|x64 = Release|x64
		Release|x86 = Release|x86
	EndGlobalSection
	GlobalSection(ProjectConfigurationPlatforms) = postSolution
		{17B6934F-4ACE-4B84-A9B6-64F11D6E010A}.Debug|x64.ActiveCfg = Debug|x64
		{17B6934F-4ACE-4B84-A9B6-64F11D6E010A}.Debug|x64.Build.0 = Debug|x64
		{17B6934F-4ACE-4B84-A9B6-64F11D6E010A}.Debug|x86.ActiveCfg = Debug|Win32
		{17B6934F-4ACE-4B84-A9B6-64F11D6E010A}.Debug|x86.Build.0 = Debug|Win32
		{17B6934F-4ACE-4B84-A9B6-64F11D6E010A}.Release|x64.ActiveCfg = Release|x64
		{17B6934F-4ACE-4B84-A9B6-64F11D6E010A}.Release|x64.Build.0 = Release|x64
		{17B6934F-4ACE-4B84-A9B6-64F11D6E010A}.Release|x86.ActiveCfg = Release|Win32
		{17B6934F-4ACE-4B84-A9B6-64F11D6E010A}.Release|x86.Build.0 = Release|Win32
		{3163BCD7-BFF0-45CF-9DDC-2AEDD5CAD984}.Debug|x64.ActiveCfg = Debug|x64
		{3163BCD7-BFF0-45CF-9DDC-2AEDD5CAD984}.Debug|x64.Build.0 = Debug|x64
		{3163BCD7-BFF0-45CF-9DDC-2AEDD5CAD984}.Debug|x86.ActiveCfg = Debug|Win32
		{3163BCD7-BFF0-45CF-9DDC-2AEDD5CAD984}.Debug|x86.Build.0 = Debug|Win32
		{3163BCD7-BFF0-45CF-9DDC-2AEDD5CAD984}.Release|x64.ActiveCfg = Release|x64
		{3163BCD7-BFF0-45CF-9DDC-2AEDD5CAD984}.Release|x64.Build.0 = Release|x64
		{3163BCD7-BFF0-45CF-9DDC-2AEDD5CAD984}.Release|x86.ActiveCfg = Release|Win32
		{3163BCD7-BFF0-45CF-9DDC-2AEDD5CAD984}.Release|x86.Build.0 = Release|Win32
		{C0B67D81-8EB8-4C07-A09B-A06C94A71D78}.Debug|x64.ActiveCfg = Debug|x64
		{C0B67D81-8EB8-4C07-A09B-A06C94A71D78}.Debug|x64.Build.0 = Debug|x64
		{C0B67D81-8EB8-4C07-A09B-A06C94A71D78}.Debug|x86.ActiveCfg = Debug|Win32
		{C0B67D81-8EB8-4C07-A09B-A06C94A71D78}.Debug|x86.Build.0 = Debug|Win32
		{C0B67D81-8EB8-4C07-A09B-A06C94A71D78}.Release|x64.ActiveCfg = Release|x64
		{C0B67D81-8EB8-4C07-A09B-A06C94A71D78}.Release|x64.Build.0 = Release|x64
		{C0B67D81-8EB8-4C07-A09B-A06C94A71D78}.Release|x86.ActiveCfg = Release|Win32
		{C0B67D81-8EB8-4C07-A09B-A06C94A71D78}.Release|x86.Build.0 = Release|Win32
		{7D1A100C-0DD3-4A8D-B35A-0F2396D9C337}.Debug|x64.ActiveCfg = Debug|x64
		{7D1A100C-0DD3-4A8D-B35A-0F2396D9C337}.Debug|x64.Build.0 = Debug|x64
		{7D1A100C-0DD3-4A8D-B35A-0F2396D9C337}.Debug|x86.ActiveCfg = Debug|Win32
		{7D1A100C-0DD3-4A8D-B35A-0F2396D9C337}.Debug|x86.Build.0 = Debug|Win32
		{7D1A100C-0DD3-4A8D-B35A-0F2396D9C337}.Release|x64.ActiveCfg = Release|x64
		{7D1A100C-0DD3-4A8D-B35A-0F2396D9C337}.Release|x64.Build.0 = Release|x64
		{7D1A100C-0DD3-4A8D-B35A-0F2396D9C337}.Release|x86.ActiveCfg = Release|Win32
		{7D1A100C-0DD3-4A8D-B35A-0F2396D9C337}.Release|x86.Build.0 = Release|Win32
		{38995E1D-8B5B-4BD7-A14F-E97B3A59CA4C}.Debug|x64.ActiveCfg = Debug|x64
		{38995E1D-8B5B-4BD7-A14F-E97B3A59CA4C}.Debug|x64.Build.0 = Debug|x64
		{38995E1D-8B5B-4BD7-A14F-E97B3A59CA4C}.Debug|x86.ActiveCfg = Debug|Win32
		{38995E1D-8B5B-4BD7-A14F-E97B3A59CA4C}.Debug|x86.Build.0 = Debug|Win32
		{38995E1D-8B5B-4BD7-A14F-E97B3A59CA4C}.Release|x64.ActiveCfg = Release|x64
		{38995E1D-8B5B-4BD7-A14F-E97B3A59CA4C}.Release|x64.Build.0 = Release|x64
		{38995E1D-8B5B-4BD7-A14F-E97B3A59CA4C}.Release|x86.ActiveCfg = Release|Win32
		{38995E1D-8B5B-4BD7-A14F-E97B3A59CA4C}.Release|x86.Build.0 = Release|Win32
		{AE8C5033-DA57-45CD-9D04-697BBB560321}.Debug|x64.ActiveCfg = Debug|x64
		{AE8C5033-DA57-45CD-9D04-697BBB560321}.Debug|x64.Build.0 = Debug|x64
		{AE8C5033-DA57-45CD-9D04-697BBB560321}.Debug|x86.ActiveCfg = Debug|Win32
		{AE8C5033-DA57-45CD-9D04-697BBB560321}.Debug|x86.Build.0 = Debug|Win32
		{AE8C5033-DA57-45CD-9D04-697BBB560321}.Release|x64.ActiveCfg = Release|x64
		{AE8C5033-DA57-45CD-9D04-697BBB560321}.Release|x64.Build.0 = Release|x64
		{AE8C5033-DA57-45CD-9D04-697BBB560321}.Release|x86.ActiveCfg = Release|Win32
		{AE8C5033-DA57-45CD-9D04-697BBB560321}.Release|x86.Build.0 = Release|Win32
		{A6C01D9A-19B3-4417-AA63-593494BFC128}.Debug|x64.ActiveCfg = Debug|x64
		{A6C01D9A-19B3-4417-AA63-593494BFC128}.Debug|x64.Build.0 = Debug|x64
		{A6C01D9A-19B3-4417-AA63-593494BFC128}.Debug|x86.ActiveCfg = Debug|Win32
		{A6C01D9A-19B3-4417-AA63-593494BFC128}.Debug|x86.Build.0 = Debug|Win32
		{A6C01D9A-19B3-4417-AA63-593494BFC128}.Release|x64.ActiveCfg = Release|x64
		{A6C01D9A-19B3-4417-AA63-593494BFC128}.Release|x64.Build.0 = Release|x64
		{A6C01D9A-19B3-4417-AA63-593494BFC128}.Release|x86.ActiveCfg = Release|Win32
		{A6C01D9A-19B3-4417-AA63-593494BFC128}.Release|x86.Build.0 = Release|Win32
		{C3EB1DA0-FBB0-41AA-9BF9-809E268CADB3}.Debug|x64.ActiveCfg = Debug|x64
		{C3EB1DA0-FBB0-41AA-9BF9-809E268CADB3}.Debug|x64.Build.0 = Debug|x64
		{C3EB1DA0-FBB0-41AA-9BF9-809E268CADB3}.Debug|x86.ActiveCfg = Debug|Win32
		{C3EB1DA0-FBB0-41AA-9BF9-809E268CADB3}.Debug|x86.Build.0 = Debug|Win32
		{C3EB1DA0-FBB0-41AA-9BF9-809E268CADB3}.Release|x64.ActiveCfg = Release|x64
		{C3EB1DA0-FBB0-41AA-9BF9-809E268CADB3}.Release|x64.Build.0 = Release|x64
		{C3EB1DA0-FBB0-41AA-9BF9-809E268CADB3}.Release|x86.ActiveCfg = Release|Win32
		{C3EB1DA0-FBB0-41AA-9BF9-809E268CADB3}.Release|x86.Build.0 = Release|Win32
		{7901AD8B-3C0A-4CE4-8296-12180A813082}.Debug|x64.ActiveCfg = Debug|x64
		{7901AD8B-3C0A-4CE4-8296-12180A813082}.Debug|x64.Build.0 = Debug|x64
		{7901AD8B-3C0A-4CE4-8296-12180A813082}.Debug|x86.ActiveCfg = Debug|Win32
		{7901AD8B-3C0A-4CE4-8296-12180A813082}.Debug|x86.Build.0 = Debug|Win32
		{7901AD8B-3C0A-4CE4-8296-12180A813082}.Release|x64.ActiveCfg = Release|x64
		{7901AD8B-3C0A-4CE4-8296-12180A813082}.Release|x64.Build.0 = Release|x64
		{7901AD8B-3C0A-4CE4-8296-12180A813082}.Release|x86.ActiveCfg = Release|Win32
		{7901AD8B-3C0A-4CE4-8296-12180A813082}.Release|x86.Build.0 = Release|Win32
		{9D968C84-F433-4C68-A46E-321CAD7086D1}.Debug|x64.ActiveCfg = Debug|x64
		{9D968C84-F433-4C68-A46E-321CAD7086D1}.Debug|x64.Build.0 = Debug|x64
		{9D968C84-F433-4C68-A46E-321CAD7086D1}.Debug|x86.ActiveCfg = Debug|Win32
		{9D968C84-F433-4C68-A46E-321CAD7086D1}.Debug|x86.Build.0 = Debug|Win32
		{9D968C84-F433-4C68-A46E-321CAD7086D1}.Release|x64.ActiveCfg = Release|x64
		{9D968C84-F433-4C68-A46E-321CAD7086D1}.Release|x64.Build.0 = Release|x64
		{9D968C84-F433-4C68-A46E-321CAD7086D1}.Release|x86.ActiveCfg = Release|Win32
		{9D968C84-F433-4C68-A46E-321CAD7086D1}.Release|x86.Build.0 = Release|Win32
		{D6949C22-8A95-48CF-83AE-00F417D5019B}.Debug|x64.ActiveCfg = Debug|x64
		{D6949C22-8A95-48CF-83AE-00F417D5019B}.Debug|x64.Build.0 = Debug|x64
		{D6949C22-8A95-48CF-83AE-00F417D5019B}.Debug|x86.ActiveCfg = Debug|Win32
		{D6949C22-8A95-48CF-83AE-00F417D5019B}.Debug|x86.Build.0 = Debug|Win32
		{D6949C22-8A95-48CF-83AE-00F417D5019B}.Release|x64.ActiveCfg = Release|x64
		{D6949C22-8A95-48CF-83AE-00F417D5019B}.Release|x64.Build.0 = Release|x64
		{D6949C22-8A95-48CF-83AE-00F417D5019B}.Release|x86.ActiveCfg = Release|Win32
		{D6949C22-8A95-48CF-83AE-00F417D5019B}.Release|x86.Build.0 = Release|Win32
		{F6EBF864-42BF-4E25-B184-340A6CC1DC7B}.Debug|x64.ActiveCfg = Debug|x64
		{F6EBF864-42BF-4E25-B184-340A6CC1DC7B}.Debug|x64.Build.0 = Debug|x64
		{F6EBF864-42BF-4E25-B184-340A6CC1DC7B}.Debug|x86.ActiveCfg = Debug|Win32
		{F6EBF864-42BF-4E25-B184-340A6CC1DC7B}.Debug|x86.Build.0 = Debug|Win32
		{F6EBF864-42BF-4E25-B184-340A6CC1DC7B}.Release|x64.ActiveCfg = Release|x64
		{F6EBF864-42BF-4E25-B184-340A6CC1DC7B}.Release|x64.Build.0 = Release|x64
		{F6EBF864-42BF-4E25-B184-340A6CC1DC7B}.Release|x86.ActiveCfg = Release|Win32
		{F6EBF864-42BF-4E25-B184-340A6CC1DC7B}.Release|x86.Build.0 = Release|Win32
		{27C7AB45-D720-4F11-B356-D11059138CB5}.Debug|x64.ActiveCfg = Debug|x64
		{27C7AB45-D720-4F11-B356-D11059138CB5}.Debug|x64.Build.0 = Debug|x64
		{27C7AB45-D720-4F11-B356-D11059138CB5}.Debug|x86.ActiveCfg = Debug|Win32
		{27C7AB45-D720-4F11-B356-D11059138CB5}.Debug|x86.Build.0 = Debug|Win32
		{27C7AB45-D720-4F11-B356-D11059138CB5}.Release|x64.ActiveCfg = Release|x64
		{27C7AB45-D720-4F11-B356-D11059138CB5}.Release|x64.Build.0 = Release|x64
		{27C7AB45-D720-4F11-B356-D11059138CB5}.Release|x86.ActiveCfg = Release|Win32
		{27C7AB45-D720-4F11-B356-D11059138CB5}.Release|x86.Build.0 = Release|Win32
		{01DEDD65-36C6-4BCC-B5A0-5FF0EA760C2A}.Debug|x64.ActiveCfg = Debug|x64
		{01DEDD65-36C6-4BCC-B5A0-5FF0EA760C2A}.Debug|x64.Build.0 = Debug|x64
		{01DEDD65-36C6-4BCC-B5A0-5FF0EA760C2A}.Debug|x86.ActiveCfg = Debug|Win32
		{01DEDD65-36C6-4BCC-B5A0-5FF0EA760C2A}.Debug|x86.Build.0 = Debug|Win32
		{01DEDD65-36C6-4BCC-B5A0-5FF0EA760C2A}.Release|x64.ActiveCfg = Release|x64
		{01DEDD65-36C6-4BCC-B5A0-5FF0EA760C2A}.Release|x64.Build.0 = Release|x64
		{01DEDD65-36C6-4BCC-B5A0-5FF0EA760C2A}.Release|x86.ActiveCfg = Release|Win32
		{01DEDD65-36C6-4BCC-B5A0-5FF0EA760C2A}.Release|x86.Build.0 = Release|Win32
		{2E4A8DAD-5245-4D0B-BF63-74D0B111A0D3}.Debug|x64.ActiveCfg = Debug|x64
		{2E4A8DAD-5245-4D0B-BF63-74D0B111A0D3}.Debug|x64.Build.0 = Debug|x64
		{2E4A8DAD-5245-4D0B-BF63-74D0B111A0D3}.Debug|x86.ActiveCfg = Debug|Win32
		{2E4A8DAD-5245-4D0B-BF63-74D0B111A0D3}.Debug|x86.Build.0 = Debug|Win32
		{2E4A8DAD-5245-4D0B-BF63-74D0B111A0D3}.Release|x64.ActiveCfg = Release|x64
		{2E4A8DAD-5245-4D0B-BF63-74D0B111A0D3}.Release|x64.Build.0 = Release|x64
		{2E4A8DAD-5245-4D0B-BF63-74D0B111A0D3}.Release|x86.ActiveCfg = Release|Win32
		{2E4A8DAD-5245-4D0B-BF63-74D0B111A0D3}.Release|x86.Build.0 = Release|Win32
	EndGlobalSection
	GlobalSection(SolutionProperties) = preSolution
		HideSolutionNode = FALSE
	EndGlobalSection
	GlobalSection(NestedProjects) = preSolution
		{17B6934F-4ACE-4B84-A9B6-64F11D6E010A} = {4AAB8E1A-348D-4303-BDE7-52D8C02C750A}
		{3163BCD7-BFF0-45CF-9DDC-2AEDD5CAD984} = {4AAB8E1A-348D-4303-BDE7-52D8C02C750A}
		{C0B67D81-8EB8-4C07-A09B-A06C94A71D78} = {4AAB8E1A-348D-4303-BDE7-52D8C02C750A}
		{7D1A100C-0DD3-4A8D-B35A-0F2396D9C337} = {4AAB8E1A-348D-4303-BDE7-52D8C02C750A}
		{38995E1D-8B5B-4BD7-A14F-E97B3A59CA4C} = {4AAB8E1A-348D-4303-BDE7-52D8C02C750A}
		{AE8C5033-DA57-45CD-9D04-697BBB560321} = {66108B8B-8278-4878-8581-FF43E79F86DB}
		{A6C01D9A-19B3-4417-AA63-593494BFC128} = {66108B8B-8278-4878-8581-FF43E79F86DB}
		{C3EB1DA0-FBB0-41AA-9BF9-809E268CADB3} = {66108B8B-8278-4878-8581-FF43E79F86DB}
		{7901AD8B-3C0A-4CE4-8296-12180A813082} = {66108B8B-8278-4878-8581-FF43E79F86DB}
		{9D968C84-F433-4C68-A46E-321CAD7086D1} = {66108B8B-8278-4878-8581-FF43E79F86DB}
		{D6949C22-8A95-48CF-83AE-00F417D5019B} = {021E6AF5-3A6D-4564-9AF0-CCF3636BF5F8}
		{F6EBF864-42BF-4E25-B184-340A6CC1DC7B} = {021E6AF5-3A6D-4564-9AF0-CCF3636BF5F8}
		{27C7AB45-D720-4F11-B356-D11059138CB5} = {021E6AF5-3A6D-4564-9AF0-CCF3636BF5F8}
		{01DEDD65-36C6-4BCC-B5A0-5FF0EA760C2A} = {021E6AF5-3A6D-4564-9AF0-CCF3636BF5F8}
		{2E4A8DAD-5245-4D0B-BF63-74D0B111A0D3} = {021E6AF5-3A6D-4564-9AF0-CCF3636BF5F8}
	EndGlobalSection
	GlobalSection(ExtensibilityGlobals) = postSolution
		SolutionGuid = {B5F19488-DECA-4627-9B72-E1C2F0D5F34F}
	EndGlobalSection
EndGlobal
